{
  "nodes": {
    "nixlib": {
      "locked": {
        "lastModified": 1788463637,
        "narHash": "sha256-aD37nShS0CCocJJ28TrK30EK8KuoImOtH8hoPSszmyk=",
        "owner": "zudww",
        "repo": "nixlib-general",
        "rev": "a1306a682675e9de8dbaa4825769cb7db5312c73",
        "type": "github"
      },
      "original": {
        "owner": "zudww",
        "ref": "dev",
        "repo": "nixlib-general",
        "type": "github"
      }
    },
    "root": {
      "inputs": {
        "nixlib": "nixlib"
      }
    }
  },
  "root": "root",
  "version": 7
}
